
Microsoft Visual Studio Solution File, Format Version 12.00
# Visual Studio Version 16
VisualStudioVersion = 16.0.31205.134
MinimumVisualStudioVersion = 10.0.40219.1
Project("{FAE04EC0-301F-11D3-BF4B-00C04F79EFBC}") = "MagicDestroyers", "MagicDestroyers\MagicDestroyers.csproj", "{ECB301E9-94BA-4B11-9391-C23C3C91170E}"
EndProject
Global
	GlobalSection(SolutionConfigurationPlatforms) = preSolution
		Debug|Any CPU = Debug|Any CPU
		Release|Any CPU = Release|Any CPU
	EndGlobalSection
	GlobalSection(ProjectConfigurationPlatforms) = postSolution
		{ECB301E9-94BA-4B11-9391-C23C3C91170E}.Debug|Any CPU.ActiveCfg = Debug|Any CPU
		{ECB301E9-94BA-4B11-9391-C23C3C91170E}.Debug|Any CPU.Build.0 = Debug|Any CPU
		{ECB301E9-94BA-4B11-9391-C23C3C91170E}.Release|Any CPU.ActiveCfg = Release|Any CPU
		{ECB301E9-94BA-4B11-9391-C23C3C91170E}.Release|Any CPU.Build.0 = Release|Any CPU
	EndGlobalSection
	GlobalSection(SolutionProperties) = preSolution
		HideSolutionNode = FALSE
	EndGlobalSection
	GlobalSection(ExtensibilityGlobals) = postSolution
		SolutionGuid = {884C035A-445A-45B4-A7A6-C84FD5F1B52D}
	EndGlobalSection
EndGlobal
